
Microsoft Visual Studio Solution File, Format Version 12.00
# Visual Studio Version 17
VisualStudioVersion = 17.9.34622.214
MinimumVisualStudioVersion = 10.0.40219.1
Project("{FAE04EC0-301F-11D3-BF4B-00C04F79EFBC}") = "CiCProgramWPF_2", "CiCProgramWPF_2\CiCProgramWPF_2.csproj", "{7E13B2CF-AA20-45FB-891D-F334C61B5B73}"
EndProject
Project("{FAE04EC0-301F-11D3-BF4B-00C04F79EFBC}") = "FindPercentLib", "FindPercentLib\FindPercentLib.csproj", "{41FCD51F-E13F-4187-BACD-E0CA850F71A8}"
EndProject
Project("{FAE04EC0-301F-11D3-BF4B-00C04F79EFBC}") = "FindPercentZP.Tests", "FindPercentZP.Tests\FindPercentZP.Tests.csproj", "{2E620922-ECAC-4E99-AE30-2E17B9DBBF53}"
EndProject
Global
	GlobalSection(SolutionConfigurationPlatforms) = preSolution
		Debug|Any CPU = Debug|Any CPU
		Release|Any CPU = Release|Any CPU
	EndGlobalSection
	GlobalSection(ProjectConfigurationPlatforms) = postSolution
		{7E13B2CF-AA20-45FB-891D-F334C61B5B73}.Debug|Any CPU.ActiveCfg = Debug|Any CPU
		{7E13B2CF-AA20-45FB-891D-F334C61B5B73}.Debug|Any CPU.Build.0 = Debug|Any CPU
		{7E13B2CF-AA20-45FB-891D-F334C61B5B73}.Release|Any CPU.ActiveCfg = Release|Any CPU
		{7E13B2CF-AA20-45FB-891D-F334C61B5B73}.Release|Any CPU.Build.0 = Release|Any CPU
		{41FCD51F-E13F-4187-BACD-E0CA850F71A8}.Debug|Any CPU.ActiveCfg = Debug|Any CPU
		{41FCD51F-E13F-4187-BACD-E0CA850F71A8}.Debug|Any CPU.Build.0 = Debug|Any CPU
		{41FCD51F-E13F-4187-BACD-E0CA850F71A8}.Release|Any CPU.ActiveCfg = Release|Any CPU
		{41FCD51F-E13F-4187-BACD-E0CA850F71A8}.Release|Any CPU.Build.0 = Release|Any CPU
		{2E620922-ECAC-4E99-AE30-2E17B9DBBF53}.Debug|Any CPU.ActiveCfg = Debug|Any CPU
		{2E620922-ECAC-4E99-AE30-2E17B9DBBF53}.Debug|Any CPU.Build.0 = Debug|Any CPU
		{2E620922-ECAC-4E99-AE30-2E17B9DBBF53}.Release|Any CPU.ActiveCfg = Release|Any CPU
		{2E620922-ECAC-4E99-AE30-2E17B9DBBF53}.Release|Any CPU.Build.0 = Release|Any CPU
	EndGlobalSection
	GlobalSection(SolutionProperties) = preSolution
		HideSolutionNode = FALSE
	EndGlobalSection
	GlobalSection(ExtensibilityGlobals) = postSolution
		SolutionGuid = {19FA87C0-71FB-4813-B47E-BE9B71795E75}
	EndGlobalSection
EndGlobal
